
Microsoft Visual Studio Solution File, Format Version 12.00
# Visual Studio Version 16
VisualStudioVersion = 16.0.31624.102
MinimumVisualStudioVersion = 10.0.40219.1
Project("{FAE04EC0-301F-11D3-BF4B-00C04F79EFBC}") = "3_3_BitControl", "3_3_BitControl\3_3_BitControl.csproj", "{AEAE65BD-EC0D-464A-8E7B-CA3C61F476EF}"
EndProject
Global
	GlobalSection(SolutionConfigurationPlatforms) = preSolution
		Debug|Any CPU = Debug|Any CPU
		Release|Any CPU = Release|Any CPU
	EndGlobalSection
	GlobalSection(ProjectConfigurationPlatforms) = postSolution
		{AEAE65BD-EC0D-464A-8E7B-CA3C61F476EF}.Debug|Any CPU.ActiveCfg = Debug|Any CPU
		{AEAE65BD-EC0D-464A-8E7B-CA3C61F476EF}.Debug|Any CPU.Build.0 = Debug|Any CPU
		{AEAE65BD-EC0D-464A-8E7B-CA3C61F476EF}.Release|Any CPU.ActiveCfg = Release|Any CPU
		{AEAE65BD-EC0D-464A-8E7B-CA3C61F476EF}.Release|Any CPU.Build.0 = Release|Any CPU
	EndGlobalSection
	GlobalSection(SolutionProperties) = preSolution
		HideSolutionNode = FALSE
	EndGlobalSection
	GlobalSection(ExtensibilityGlobals) = postSolution
		SolutionGuid = {1F94B132-AFA3-4392-A2E7-50AFE61F6BBF}
	EndGlobalSection
EndGlobal
