
Microsoft Visual Studio Solution File, Format Version 12.00
# Visual Studio Version 16
VisualStudioVersion = 16.0.31624.102
MinimumVisualStudioVersion = 10.0.40219.1
Project("{FAE04EC0-301F-11D3-BF4B-00C04F79EFBC}") = "5_5_MonteCarlo_Tri", "5_5_MonteCarlo_Tri\5_5_MonteCarlo_Tri.csproj", "{EB7AED4A-800F-4E3D-8A30-8B6578CB6A81}"
EndProject
Global
	GlobalSection(SolutionConfigurationPlatforms) = preSolution
		Debug|Any CPU = Debug|Any CPU
		Release|Any CPU = Release|Any CPU
	EndGlobalSection
	GlobalSection(ProjectConfigurationPlatforms) = postSolution
		{EB7AED4A-800F-4E3D-8A30-8B6578CB6A81}.Debug|Any CPU.ActiveCfg = Debug|Any CPU
		{EB7AED4A-800F-4E3D-8A30-8B6578CB6A81}.Debug|Any CPU.Build.0 = Debug|Any CPU
		{EB7AED4A-800F-4E3D-8A30-8B6578CB6A81}.Release|Any CPU.ActiveCfg = Release|Any CPU
		{EB7AED4A-800F-4E3D-8A30-8B6578CB6A81}.Release|Any CPU.Build.0 = Release|Any CPU
	EndGlobalSection
	GlobalSection(SolutionProperties) = preSolution
		HideSolutionNode = FALSE
	EndGlobalSection
	GlobalSection(ExtensibilityGlobals) = postSolution
		SolutionGuid = {FF6186B1-4186-498C-883C-863AF6CD5114}
	EndGlobalSection
EndGlobal
