
Microsoft Visual Studio Solution File, Format Version 12.00
# Visual Studio Version 16
VisualStudioVersion = 16.0.31624.102
MinimumVisualStudioVersion = 10.0.40219.1
Project("{FAE04EC0-301F-11D3-BF4B-00C04F79EFBC}") = "5_3_Korea", "5_3_Korea\5_3_Korea.csproj", "{8BAD6A02-3EB9-4ACA-805F-122A8E9D9053}"
EndProject
Global
	GlobalSection(SolutionConfigurationPlatforms) = preSolution
		Debug|Any CPU = Debug|Any CPU
		Release|Any CPU = Release|Any CPU
	EndGlobalSection
	GlobalSection(ProjectConfigurationPlatforms) = postSolution
		{8BAD6A02-3EB9-4ACA-805F-122A8E9D9053}.Debug|Any CPU.ActiveCfg = Debug|Any CPU
		{8BAD6A02-3EB9-4ACA-805F-122A8E9D9053}.Debug|Any CPU.Build.0 = Debug|Any CPU
		{8BAD6A02-3EB9-4ACA-805F-122A8E9D9053}.Release|Any CPU.ActiveCfg = Release|Any CPU
		{8BAD6A02-3EB9-4ACA-805F-122A8E9D9053}.Release|Any CPU.Build.0 = Release|Any CPU
	EndGlobalSection
	GlobalSection(SolutionProperties) = preSolution
		HideSolutionNode = FALSE
	EndGlobalSection
	GlobalSection(ExtensibilityGlobals) = postSolution
		SolutionGuid = {B226D2B2-A07A-48EA-8BC9-B137C1773EE4}
	EndGlobalSection
EndGlobal
